
Microsoft Visual Studio Solution File, Format Version 12.00
# Visual Studio Version 16
VisualStudioVersion = 16.0.29911.84
MinimumVisualStudioVersion = 10.0.40219.1
Project("{FAE04EC0-301F-11D3-BF4B-00C04F79EFBC}") = "Veterinario2020", "Veterinario2020\Veterinario2020.csproj", "{EAC1D144-D50E-4BF0-8FEA-0B5393740895}"
EndProject
Global
	GlobalSection(SolutionConfigurationPlatforms) = preSolution
		Debug|Any CPU = Debug|Any CPU
		Release|Any CPU = Release|Any CPU
	EndGlobalSection
	GlobalSection(ProjectConfigurationPlatforms) = postSolution
		{EAC1D144-D50E-4BF0-8FEA-0B5393740895}.Debug|Any CPU.ActiveCfg = Debug|Any CPU
		{EAC1D144-D50E-4BF0-8FEA-0B5393740895}.Debug|Any CPU.Build.0 = Debug|Any CPU
		{EAC1D144-D50E-4BF0-8FEA-0B5393740895}.Release|Any CPU.ActiveCfg = Release|Any CPU
		{EAC1D144-D50E-4BF0-8FEA-0B5393740895}.Release|Any CPU.Build.0 = Release|Any CPU
	EndGlobalSection
	GlobalSection(SolutionProperties) = preSolution
		HideSolutionNode = FALSE
	EndGlobalSection
	GlobalSection(ExtensibilityGlobals) = postSolution
		SolutionGuid = {4B886EBB-4045-4266-B614-EC52BA6EBEC5}
	EndGlobalSection
EndGlobal
